
Microsoft Visual Studio Solution File, Format Version 12.00
# Visual Studio Version 17
VisualStudioVersion = 17.0.32126.317
MinimumVisualStudioVersion = 10.0.40219.1
Project("{FAE04EC0-301F-11D3-BF4B-00C04F79EFBC}") = "SkarLauncher", "SkarLauncher\SkarLauncher.csproj", "{B1169AF0-0DFE-44E3-8507-0449D51E0435}"
EndProject
Global
	GlobalSection(SolutionConfigurationPlatforms) = preSolution
		Debug|Any CPU = Debug|Any CPU
		Release|Any CPU = Release|Any CPU
	EndGlobalSection
	GlobalSection(ProjectConfigurationPlatforms) = postSolution
		{B1169AF0-0DFE-44E3-8507-0449D51E0435}.Debug|Any CPU.ActiveCfg = Debug|Any CPU
		{B1169AF0-0DFE-44E3-8507-0449D51E0435}.Debug|Any CPU.Build.0 = Debug|Any CPU
		{B1169AF0-0DFE-44E3-8507-0449D51E0435}.Release|Any CPU.ActiveCfg = Release|Any CPU
		{B1169AF0-0DFE-44E3-8507-0449D51E0435}.Release|Any CPU.Build.0 = Release|Any CPU
	EndGlobalSection
	GlobalSection(SolutionProperties) = preSolution
		HideSolutionNode = FALSE
	EndGlobalSection
	GlobalSection(ExtensibilityGlobals) = postSolution
		SolutionGuid = {0BBCDEED-46F2-4518-8CEA-20A5053DFF34}
	EndGlobalSection
EndGlobal
